
Microsoft Visual Studio Solution File, Format Version 12.00
# Visual Studio Version 17
VisualStudioVersion = 17.2.32519.379
MinimumVisualStudioVersion = 10.0.40219.1
Project("{FAE04EC0-301F-11D3-BF4B-00C04F79EFBC}") = "WebDienThoaiDiDong", "WebDienThoaiDiDong\WebDienThoaiDiDong.csproj", "{4D38B979-2CF9-4349-B0A8-2C0D095D3C9D}"
EndProject
Global
	GlobalSection(SolutionConfigurationPlatforms) = preSolution
		Debug|Any CPU = Debug|Any CPU
		Release|Any CPU = Release|Any CPU
	EndGlobalSection
	GlobalSection(ProjectConfigurationPlatforms) = postSolution
		{4D38B979-2CF9-4349-B0A8-2C0D095D3C9D}.Debug|Any CPU.ActiveCfg = Debug|Any CPU
		{4D38B979-2CF9-4349-B0A8-2C0D095D3C9D}.Debug|Any CPU.Build.0 = Debug|Any CPU
		{4D38B979-2CF9-4349-B0A8-2C0D095D3C9D}.Release|Any CPU.ActiveCfg = Release|Any CPU
		{4D38B979-2CF9-4349-B0A8-2C0D095D3C9D}.Release|Any CPU.Build.0 = Release|Any CPU
	EndGlobalSection
	GlobalSection(SolutionProperties) = preSolution
		HideSolutionNode = FALSE
	EndGlobalSection
	GlobalSection(ExtensibilityGlobals) = postSolution
		SolutionGuid = {CDF24E62-FCAE-4ABB-BACE-501E23D4690E}
	EndGlobalSection
EndGlobal
